// !$*UTF8*$!
{
	archiveVersion = 1;
	classes = {
	};
	objectVersion = 55;
	objects = {

/* Begin PBXBuildFile section */
		53BFD6F52709A862008CA657 /* AppDelegate.swift in Sources */ = {isa = PBXBuildFile; fileRef = 53BFD6F42709A862008CA657 /* AppDelegate.swift */; };
		53BFD6F72709A862008CA657 /* SceneDelegate.swift in Sources */ = {isa = PBXBuildFile; fileRef = 53BFD6F62709A862008CA657 /* SceneDelegate.swift */; };
		53BFD6F92709A862008CA657 /* ReminderListViewController.swift in Sources */ = {isa = PBXBuildFile; fileRef = 53BFD6F82709A862008CA657 /* ReminderListViewController.swift */; };
		53BFD6FC2709A862008CA657 /* Main.storyboard in Resources */ = {isa = PBXBuildFile; fileRef = 53BFD6FA2709A862008CA657 /* Main.storyboard */; };
		53BFD6FE2709A865008CA657 /* Assets.xcassets in Resources */ = {isa = PBXBuildFile; fileRef = 53BFD6FD2709A865008CA657 /* Assets.xcassets */; };
		53BFD7012709A865008CA657 /* LaunchScreen.storyboard in Resources */ = {isa = PBXBuildFile; fileRef = 53BFD6FF2709A865008CA657 /* LaunchScreen.storyboard */; };
		53BFD70C2709A866008CA657 /* ReminderTests.swift in Sources */ = {isa = PBXBuildFile; fileRef = 53BFD70B2709A866008CA657 /* ReminderTests.swift */; };
		53BFD7162709A866008CA657 /* ReminderUITests.swift in Sources */ = {isa = PBXBuildFile; fileRef = 53BFD7152709A866008CA657 /* ReminderUITests.swift */; };
		53BFD7182709A866008CA657 /* ReminderUITestsLaunchTests.swift in Sources */ = {isa = PBXBuildFile; fileRef = 53BFD7172709A866008CA657 /* ReminderUITestsLaunchTests.swift */; };
		53BFD7252709A9D1008CA657 /* Reminder.swift in Sources */ = {isa = PBXBuildFile; fileRef = 53BFD7242709A9D1008CA657 /* Reminder.swift */; };
		53BFD7272709B801008CA657 /* ReminderListCell.swift in Sources */ = {isa = PBXBuildFile; fileRef = 53BFD7262709B801008CA657 /* ReminderListCell.swift */; };
/* End PBXBuildFile section */

/* Begin PBXContainerItemProxy section */
		53BFD7082709A866008CA657 /* PBXContainerItemProxy */ = {
			isa = PBXContainerItemProxy;
			containerPortal = 53BFD6E92709A862008CA657 /* Project object */;
			proxyType = 1;
			remoteGlobalIDString = 53BFD6F02709A862008CA657;
			remoteInfo = Reminder;
		};
		53BFD7122709A866008CA657 /* PBXContainerItemProxy */ = {
			isa = PBXContainerItemProxy;
			containerPortal = 53BFD6E92709A862008CA657 /* Project object */;
			proxyType = 1;
			remoteGlobalIDString = 53BFD6F02709A862008CA657;
			remoteInfo = Reminder;
		};
/* End PBXContainerItemProxy section */

/* Begin PBXFileReference section */
		53BFD6F12709A862008CA657 /* Reminder.app */ = {isa = PBXFileReference; explicitFileType = wrapper.application; includeInIndex = 0; path = Reminder.app; sourceTree = BUILT_PRODUCTS_DIR; };
		53BFD6F42709A862008CA657 /* AppDelegate.swift */ = {isa = PBXFileReference; lastKnownFileType = sourcecode.swift; path = AppDelegate.swift; sourceTree = "<group>"; };
		53BFD6F62709A862008CA657 /* SceneDelegate.swift */ = {isa = PBXFileReference; lastKnownFileType = sourcecode.swift; path = SceneDelegate.swift; sourceTree = "<group>"; };
		53BFD6F82709A862008CA657 /* ReminderListViewController.swift */ = {isa = PBXFileReference; lastKnownFileType = sourcecode.swift; path = ReminderListViewController.swift; sourceTree = "<group>"; };
		53BFD6FB2709A862008CA657 /* Base */ = {isa = PBXFileReference; lastKnownFileType = file.storyboard; name = Base; path = Base.lproj/Main.storyboard; sourceTree = "<group>"; };
		53BFD6FD2709A865008CA657 /* Assets.xcassets */ = {isa = PBXFileReference; lastKnownFileType = folder.assetcatalog; path = Assets.xcassets; sourceTree = "<group>"; };
		53BFD7002709A865008CA657 /* Base */ = {isa = PBXFileReference; lastKnownFileType = file.storyboard; name = Base; path = Base.lproj/LaunchScreen.storyboard; sourceTree = "<group>"; };
		53BFD7022709A865008CA657 /* Info.plist */ = {isa = PBXFileReference; lastKnownFileType = text.plist.xml; path = Info.plist; sourceTree = "<group>"; };
		53BFD7072709A866008CA657 /* ReminderTests.xctest */ = {isa = PBXFileReference; explicitFileType = wrapper.cfbundle; includeInIndex = 0; path = ReminderTests.xctest; sourceTree = BUILT_PRODUCTS_DIR; };
		53BFD70B2709A866008CA657 /* ReminderTests.swift */ = {isa = PBXFileReference; lastKnownFileType = sourcecode.swift; path = ReminderTests.swift; sourceTree = "<group>"; };
		53BFD7112709A866008CA657 /* ReminderUITests.xctest */ = {isa = PBXFileReference; explicitFileType = wrapper.cfbundle; includeInIndex = 0; path = ReminderUITests.xctest; sourceTree = BUILT_PRODUCTS_DIR; };
		53BFD7152709A866008CA657 /* ReminderUITests.swift */ = {isa = PBXFileReference; lastKnownFileType = sourcecode.swift; path = ReminderUITests.swift; sourceTree = "<group>"; };
		53BFD7172709A866008CA657 /* ReminderUITestsLaunchTests.swift */ = {isa = PBXFileReference; lastKnownFileType = sourcecode.swift; path = ReminderUITestsLaunchTests.swift; sourceTree = "<group>"; };
		53BFD7242709A9D1008CA657 /* Reminder.swift */ = {isa = PBXFileReference; lastKnownFileType = sourcecode.swift; path = Reminder.swift; sourceTree = "<group>"; };
		53BFD7262709B801008CA657 /* ReminderListCell.swift */ = {isa = PBXFileReference; lastKnownFileType = sourcecode.swift; path = ReminderListCell.swift; sourceTree = "<group>"; };
/* End PBXFileReference section */

/* Begin PBXFrameworksBuildPhase section */
		53BFD6EE2709A862008CA657 /* Frameworks */ = {
			isa = PBXFrameworksBuildPhase;
			buildActionMask = 2147483647;
			files = (
			);
			runOnlyForDeploymentPostprocessing = 0;
		};
		53BFD7042709A866008CA657 /* Frameworks */ = {
			isa = PBXFrameworksBuildPhase;
			buildActionMask = 2147483647;
			files = (
			);
			runOnlyForDeploymentPostprocessing = 0;
		};
		53BFD70E2709A866008CA657 /* Frameworks */ = {
			isa = PBXFrameworksBuildPhase;
			buildActionMask = 2147483647;
			files = (
			);
			runOnlyForDeploymentPostprocessing = 0;
		};
/* End PBXFrameworksBuildPhase section */

/* Begin PBXGroup section */
		53B8BFBA2709CAD400F3CE06 /* Storyboard */ = {
			isa = PBXGroup;
			children = (
				53BFD6FA2709A862008CA657 /* Main.storyboard */,
				53BFD6FF2709A865008CA657 /* LaunchScreen.storyboard */,
			);
			path = Storyboard;
			sourceTree = "<group>";
		};
		53B8BFBB2709CB2100F3CE06 /* Module */ = {
			isa = PBXGroup;
			children = (
				53B8BFBC2709CB2C00F3CE06 /* Reminder */,
			);
			path = Module;
			sourceTree = "<group>";
		};
		53B8BFBC2709CB2C00F3CE06 /* Reminder */ = {
			isa = PBXGroup;
			children = (
				53B8BFBD2709CB5C00F3CE06 /* Model */,
				53BFD6F82709A862008CA657 /* ReminderListViewController.swift */,
				53BFD7262709B801008CA657 /* ReminderListCell.swift */,
			);
			path = Reminder;
			sourceTree = "<group>";
		};
		53B8BFBD2709CB5C00F3CE06 /* Model */ = {
			isa = PBXGroup;
			children = (
				53BFD7242709A9D1008CA657 /* Reminder.swift */,
			);
			path = Model;
			sourceTree = "<group>";
		};
		53BFD6E82709A862008CA657 = {
			isa = PBXGroup;
			children = (
				53BFD6F32709A862008CA657 /* Reminder */,
				53BFD70A2709A866008CA657 /* ReminderTests */,
				53BFD7142709A866008CA657 /* ReminderUITests */,
				53BFD6F22709A862008CA657 /* Products */,
			);
			sourceTree = "<group>";
		};
		53BFD6F22709A862008CA657 /* Products */ = {
			isa = PBXGroup;
			children = (
				53BFD6F12709A862008CA657 /* Reminder.app */,
				53BFD7072709A866008CA657 /* ReminderTests.xctest */,
				53BFD7112709A866008CA657 /* ReminderUITests.xctest */,
			);
			name = Products;
			sourceTree = "<group>";
		};
		53BFD6F32709A862008CA657 /* Reminder */ = {
			isa = PBXGroup;
			children = (
				53B8BFBB2709CB2100F3CE06 /* Module */,
				53B8BFBA2709CAD400F3CE06 /* Storyboard */,
				53BFD6F42709A862008CA657 /* AppDelegate.swift */,
				53BFD6F62709A862008CA657 /* SceneDelegate.swift */,
				53BFD6FD2709A865008CA657 /* Assets.xcassets */,
				53BFD7022709A865008CA657 /* Info.plist */,
			);
			path = Reminder;
			sourceTree = "<group>";
		};
		53BFD70A2709A866008CA657 /* ReminderTests */ = {
			isa = PBXGroup;
			children = (
				53BFD70B2709A866008CA657 /* ReminderTests.swift */,
			);
			path = ReminderTests;
			sourceTree = "<group>";
		};
		53BFD7142709A866008CA657 /* ReminderUITests */ = {
			isa = PBXGroup;
			children = (
				53BFD7152709A866008CA657 /* ReminderUITests.swift */,
				53BFD7172709A866008CA657 /* ReminderUITestsLaunchTests.swift */,
			);
			path = ReminderUITests;
			sourceTree = "<group>";
		};
/* End PBXGroup section */

/* Begin PBXNativeTarget section */
		53BFD6F02709A862008CA657 /* Reminder */ = {
			isa = PBXNativeTarget;
			buildConfigurationList = 53BFD71B2709A866008CA657 /* Build configuration list for PBXNativeTarget "Reminder" */;
			buildPhases = (
				53BFD6ED2709A862008CA657 /* Sources */,
				53BFD6EE2709A862008CA657 /* Frameworks */,
				53BFD6EF2709A862008CA657 /* Resources */,
			);
			buildRules = (
			);
			dependencies = (
			);
			name = Reminder;
			productName = Reminder;
			productReference = 53BFD6F12709A862008CA657 /* Reminder.app */;
			productType = "com.apple.product-type.application";
		};
		53BFD7062709A866008CA657 /* ReminderTests */ = {
			isa = PBXNativeTarget;
			buildConfigurationList = 53BFD71E2709A866008CA657 /* Build configuration list for PBXNativeTarget "ReminderTests" */;
			buildPhases = (
				53BFD7032709A866008CA657 /* Sources */,
				53BFD7042709A866008CA657 /* Frameworks */,
				53BFD7052709A866008CA657 /* Resources */,
			);
			buildRules = (
			);
			dependencies = (
				53BFD7092709A866008CA657 /* PBXTargetDependency */,
			);
			name = ReminderTests;
			productName = ReminderTests;
			productReference = 53BFD7072709A866008CA657 /* ReminderTests.xctest */;
			productType = "com.apple.product-type.bundle.unit-test";
		};
		53BFD7102709A866008CA657 /* ReminderUITests */ = {
			isa = PBXNativeTarget;
			buildConfigurationList = 53BFD7212709A866008CA657 /* Build configuration list for PBXNativeTarget "ReminderUITests" */;
			buildPhases = (
				53BFD70D2709A866008CA657 /* Sources */,
				53BFD70E2709A866008CA657 /* Frameworks */,
				53BFD70F2709A866008CA657 /* Resources */,
			);
			buildRules = (
			);
			dependencies = (
				53BFD7132709A866008CA657 /* PBXTargetDependency */,
			);
			name = ReminderUITests;
			productName = ReminderUITests;
			productReference = 53BFD7112709A866008CA657 /* ReminderUITests.xctest */;
			productType = "com.apple.product-type.bundle.ui-testing";
		};
/* End PBXNativeTarget section */

/* Begin PBXProject section */
		53BFD6E92709A862008CA657 /* Project object */ = {
			isa = PBXProject;
			attributes = {
				BuildIndependentTargetsInParallel = 1;
				LastSwiftUpdateCheck = 1300;
				LastUpgradeCheck = 1300;
				TargetAttributes = {
					53BFD6F02709A862008CA657 = {
						CreatedOnToolsVersion = 13.0;
					};
					53BFD7062709A866008CA657 = {
						CreatedOnToolsVersion = 13.0;
						TestTargetID = 53BFD6F02709A862008CA657;
					};
					53BFD7102709A866008CA657 = {
						CreatedOnToolsVersion = 13.0;
						TestTargetID = 53BFD6F02709A862008CA657;
					};
				};
			};
			buildConfigurationList = 53BFD6EC2709A862008CA657 /* Build configuration list for PBXProject "Reminder" */;
			compatibilityVersion = "Xcode 13.0";
			developmentRegion = en;
			hasScannedForEncodings = 0;
			knownRegions = (
				en,
				Base,
			);
			mainGroup = 53BFD6E82709A862008CA657;
			productRefGroup = 53BFD6F22709A862008CA657 /* Products */;
			projectDirPath = "";
			projectRoot = "";
			targets = (
				53BFD6F02709A862008CA657 /* Reminder */,
				53BFD7062709A866008CA657 /* ReminderTests */,
				53BFD7102709A866008CA657 /* ReminderUITests */,
			);
		};
/* End PBXProject section */

/* Begin PBXResourcesBuildPhase section */
		53BFD6EF2709A862008CA657 /* Resources */ = {
			isa = PBXResourcesBuildPhase;
			buildActionMask = 2147483647;
			files = (
				53BFD7012709A865008CA657 /* LaunchScreen.storyboard in Resources */,
				53BFD6FE2709A865008CA657 /* Assets.xcassets in Resources */,
				53BFD6FC2709A862008CA657 /* Main.storyboard in Resources */,
			);
			runOnlyForDeploymentPostprocessing = 0;
		};
		53BFD7052709A866008CA657 /* Resources */ = {
			isa = PBXResourcesBuildPhase;
			buildActionMask = 2147483647;
			files = (
			);
			runOnlyForDeploymentPostprocessing = 0;
		};
		53BFD70F2709A866008CA657 /* Resources */ = {
			isa = PBXResourcesBuildPhase;
			buildActionMask = 2147483647;
			files = (
			);
			runOnlyForDeploymentPostprocessing = 0;
		};
/* End PBXResourcesBuildPhase section */

/* Begin PBXSourcesBuildPhase section */
		53BFD6ED2709A862008CA657 /* Sources */ = {
			isa = PBXSourcesBuildPhase;
			buildActionMask = 2147483647;
			files = (
				53BFD6F92709A862008CA657 /* ReminderListViewController.swift in Sources */,
				53BFD7272709B801008CA657 /* ReminderListCell.swift in Sources */,
				53BFD6F52709A862008CA657 /* AppDelegate.swift in Sources */,
				53BFD6F72709A862008CA657 /* SceneDelegate.swift in Sources */,
				53BFD7252709A9D1008CA657 /* Reminder.swift in Sources */,
			);
			runOnlyForDeploymentPostprocessing = 0;
		};
		53BFD7032709A866008CA657 /* Sources */ = {
			isa = PBXSourcesBuildPhase;
			buildActionMask = 2147483647;
			files = (
				53BFD70C2709A866008CA657 /* ReminderTests.swift in Sources */,
			);
			runOnlyForDeploymentPostprocessing = 0;
		};
		53BFD70D2709A866008CA657 /* Sources */ = {
			isa = PBXSourcesBuildPhase;
			buildActionMask = 2147483647;
			files = (
				53BFD7182709A866008CA657 /* ReminderUITestsLaunchTests.swift in Sources */,
				53BFD7162709A866008CA657 /* ReminderUITests.swift in Sources */,
			);
			runOnlyForDeploymentPostprocessing = 0;
		};
/* End PBXSourcesBuildPhase section */

/* Begin PBXTargetDependency section */
		53BFD7092709A866008CA657 /* PBXTargetDependency */ = {
			isa = PBXTargetDependency;
			target = 53BFD6F02709A862008CA657 /* Reminder */;
			targetProxy = 53BFD7082709A866008CA657 /* PBXContainerItemProxy */;
		};
		53BFD7132709A866008CA657 /* PBXTargetDependency */ = {
			isa = PBXTargetDependency;
			target = 53BFD6F02709A862008CA657 /* Reminder */;
			targetProxy = 53BFD7122709A866008CA657 /* PBXContainerItemProxy */;
		};
/* End PBXTargetDependency section */

/* Begin PBXVariantGroup section */
		53BFD6FA2709A862008CA657 /* Main.storyboard */ = {
			isa = PBXVariantGroup;
			children = (
				53BFD6FB2709A862008CA657 /* Base */,
			);
			name = Main.storyboard;
			sourceTree = "<group>";
		};
		53BFD6FF2709A865008CA657 /* LaunchScreen.storyboard */ = {
			isa = PBXVariantGroup;
			children = (
				53BFD7002709A865008CA657 /* Base */,
			);
			name = LaunchScreen.storyboard;
			sourceTree = "<group>";
		};
/* End PBXVariantGroup section */

/* Begin XCBuildConfiguration section */
		53BFD7192709A866008CA657 /* Debug */ = {
			isa = XCBuildConfiguration;
			buildSettings = {
				ALWAYS_SEARCH_USER_PATHS = NO;
				CLANG_ANALYZER_NONNULL = YES;
				CLANG_ANALYZER_NUMBER_OBJECT_CONVERSION = YES_AGGRESSIVE;
				CLANG_CXX_LANGUAGE_STANDARD = "gnu++17";
				CLANG_CXX_LIBRARY = "libc++";
				CLANG_ENABLE_MODULES = YES;
				CLANG_ENABLE_OBJC_ARC = YES;
				CLANG_ENABLE_OBJC_WEAK = YES;
				CLANG_WARN_BLOCK_CAPTURE_AUTORELEASING = YES;
				CLANG_WARN_BOOL_CONVERSION = YES;
				CLANG_WARN_COMMA = YES;
				CLANG_WARN_CONSTANT_CONVERSION = YES;
				CLANG_WARN_DEPRECATED_OBJC_IMPLEMENTATIONS = YES;
				CLANG_WARN_DIRECT_OBJC_ISA_USAGE = YES_ERROR;
				CLANG_WARN_DOCUMENTATION_COMMENTS = YES;
				CLANG_WARN_EMPTY_BODY = YES;
				CLANG_WARN_ENUM_CONVERSION = YES;
				CLANG_WARN_INFINITE_RECURSION = YES;
				CLANG_WARN_INT_CONVERSION = YES;
				CLANG_WARN_NON_LITERAL_NULL_CONVERSION = YES;
				CLANG_WARN_OBJC_IMPLICIT_RETAIN_SELF = YES;
				CLANG_WARN_OBJC_LITERAL_CONVERSION = YES;
				CLANG_WARN_OBJC_ROOT_CLASS = YES_ERROR;
				CLANG_WARN_QUOTED_INCLUDE_IN_FRAMEWORK_HEADER = YES;
				CLANG_WARN_RANGE_LOOP_ANALYSIS = YES;
				CLANG_WARN_STRICT_PROTOTYPES = YES;
				CLANG_WARN_SUSPICIOUS_MOVE = YES;
				CLANG_WARN_UNGUARDED_AVAILABILITY = YES_AGGRESSIVE;
				CLANG_WARN_UNREACHABLE_CODE = YES;
				CLANG_WARN__DUPLICATE_METHOD_MATCH = YES;
				COPY_PHASE_STRIP = NO;
				DEBUG_INFORMATION_FORMAT = dwarf;
				ENABLE_STRICT_OBJC_MSGSEND = YES;
				ENABLE_TESTABILITY = YES;
				GCC_C_LANGUAGE_STANDARD = gnu11;
				GCC_DYNAMIC_NO_PIC = NO;
				GCC_NO_COMMON_BLOCKS = YES;
				GCC_OPTIMIZATION_LEVEL = 0;
				GCC_PREPROCESSOR_DEFINITIONS = (
					"DEBUG=1",
					"$(inherited)",
				);
				GCC_WARN_64_TO_32_BIT_CONVERSION = YES;
				GCC_WARN_ABOUT_RETURN_TYPE = YES_ERROR;
				GCC_WARN_UNDECLARED_SELECTOR = YES;
				GCC_WARN_UNINITIALIZED_AUTOS = YES_AGGRESSIVE;
				GCC_WARN_UNUSED_FUNCTION = YES;
				GCC_WARN_UNUSED_VARIABLE = YES;
				IPHONEOS_DEPLOYMENT_TARGET = 15.0;
				MTL_ENABLE_DEBUG_INFO = INCLUDE_SOURCE;
				MTL_FAST_MATH = YES;
				ONLY_ACTIVE_ARCH = YES;
				SDKROOT = iphoneos;
				SWIFT_ACTIVE_COMPILATION_CONDITIONS = DEBUG;
				SWIFT_OPTIMIZATION_LEVEL = "-Onone";
			};
			name = Debug;
		};
		53BFD71A2709A866008CA657 /* Release */ = {
			isa = XCBuildConfiguration;
			buildSettings = {
				ALWAYS_SEARCH_USER_PATHS = NO;
				CLANG_ANALYZER_NONNULL = YES;
				CLANG_ANALYZER_NUMBER_OBJECT_CONVERSION = YES_AGGRESSIVE;
				CLANG_CXX_LANGUAGE_STANDARD = "gnu++17";
				CLANG_CXX_LIBRARY = "libc++";
				CLANG_ENABLE_MODULES = YES;
				CLANG_ENABLE_OBJC_ARC = YES;
				CLANG_ENABLE_OBJC_WEAK = YES;
				CLANG_WARN_BLOCK_CAPTURE_AUTORELEASING = YES;
				CLANG_WARN_BOOL_CONVERSION = YES;
				CLANG_WARN_COMMA = YES;
				CLANG_WARN_CONSTANT_CONVERSION = YES;
				CLANG_WARN_DEPRECATED_OBJC_IMPLEMENTATIONS = YES;
				CLANG_WARN_DIRECT_OBJC_ISA_USAGE = YES_ERROR;
				CLANG_WARN_DOCUMENTATION_COMMENTS = YES;
				CLANG_WARN_EMPTY_BODY = YES;
				CLANG_WARN_ENUM_CONVERSION = YES;
				CLANG_WARN_INFINITE_RECURSION = YES;
				CLANG_WARN_INT_CONVERSION = YES;
				CLANG_WARN_NON_LITERAL_NULL_CONVERSION = YES;
				CLANG_WARN_OBJC_IMPLICIT_RETAIN_SELF = YES;
				CLANG_WARN_OBJC_LITERAL_CONVERSION = YES;
				CLANG_WARN_OBJC_ROOT_CLASS = YES_ERROR;
				CLANG_WARN_QUOTED_INCLUDE_IN_FRAMEWORK_HEADER = YES;
				CLANG_WARN_RANGE_LOOP_ANALYSIS = YES;
				CLANG_WARN_STRICT_PROTOTYPES = YES;
				CLANG_WARN_SUSPICIOUS_MOVE = YES;
				CLANG_WARN_UNGUARDED_AVAILABILITY = YES_AGGRESSIVE;
				CLANG_WARN_UNREACHABLE_CODE = YES;
				CLANG_WARN__DUPLICATE_METHOD_MATCH = YES;
				COPY_PHASE_STRIP = NO;
				DEBUG_INFORMATION_FORMAT = "dwarf-with-dsym";
				ENABLE_NS_ASSERTIONS = NO;
				ENABLE_STRICT_OBJC_MSGSEND = YES;
				GCC_C_LANGUAGE_STANDARD = gnu11;
				GCC_NO_COMMON_BLOCKS = YES;
				GCC_WARN_64_TO_32_BIT_CONVERSION = YES;
				GCC_WARN_ABOUT_RETURN_TYPE = YES_ERROR;
				GCC_WARN_UNDECLARED_SELECTOR = YES;
				GCC_WARN_UNINITIALIZED_AUTOS = YES_AGGRESSIVE;
				GCC_WARN_UNUSED_FUNCTION = YES;
				GCC_WARN_UNUSED_VARIABLE = YES;
				IPHONEOS_DEPLOYMENT_TARGET = 15.0;
				MTL_ENABLE_DEBUG_INFO = NO;
				MTL_FAST_MATH = YES;
				SDKROOT = iphoneos;
				SWIFT_COMPILATION_MODE = wholemodule;
				SWIFT_OPTIMIZATION_LEVEL = "-O";
				VALIDATE_PRODUCT = YES;
			};
			name = Release;
		};
		53BFD71C2709A866008CA657 /* Debug */ = {
			isa = XCBuildConfiguration;
			buildSettings = {
				ASSETCATALOG_COMPILER_APPICON_NAME = AppIcon;
				ASSETCATALOG_COMPILER_GLOBAL_ACCENT_COLOR_NAME = AccentColor;
				CODE_SIGN_STYLE = Automatic;
				CURRENT_PROJECT_VERSION = 1;
				GENERATE_INFOPLIST_FILE = YES;
				INFOPLIST_FILE = Reminder/Info.plist;
				INFOPLIST_KEY_UIApplicationSupportsIndirectInputEvents = YES;
				INFOPLIST_KEY_UILaunchStoryboardName = LaunchScreen;
				INFOPLIST_KEY_UIMainStoryboardFile = Main;
				INFOPLIST_KEY_UISupportedInterfaceOrientations_iPad = "UIInterfaceOrientationPortrait UIInterfaceOrientationPortraitUpsideDown UIInterfaceOrientationLandscapeLeft UIInterfaceOrientationLandscapeRight";
				INFOPLIST_KEY_UISupportedInterfaceOrientations_iPhone = "UIInterfaceOrientationPortrait UIInterfaceOrientationLandscapeLeft UIInterfaceOrientationLandscapeRight";
				LD_RUNPATH_SEARCH_PATHS = (
					"$(inherited)",
					"@executable_path/Frameworks",
				);
				MARKETING_VERSION = 1.0;
				PRODUCT_BUNDLE_IDENTIFIER = com.thanh.truong.Reminder;
				PRODUCT_NAME = "$(TARGET_NAME)";
				SWIFT_EMIT_LOC_STRINGS = YES;
				SWIFT_VERSION = 5.0;
				TARGETED_DEVICE_FAMILY = "1,2";
			};
			name = Debug;
		};
		53BFD71D2709A866008CA657 /* Release */ = {
			isa = XCBuildConfiguration;
			buildSettings = {
				ASSETCATALOG_COMPILER_APPICON_NAME = AppIcon;
				ASSETCATALOG_COMPILER_GLOBAL_ACCENT_COLOR_NAME = AccentColor;
				CODE_SIGN_STYLE = Automatic;
				CURRENT_PROJECT_VERSION = 1;
				GENERATE_INFOPLIST_FILE = YES;
				INFOPLIST_FILE = Reminder/Info.plist;
				INFOPLIST_KEY_UIApplicationSupportsIndirectInputEvents = YES;
				INFOPLIST_KEY_UILaunchStoryboardName = LaunchScreen;
				INFOPLIST_KEY_UIMainStoryboardFile = Main;
				INFOPLIST_KEY_UISupportedInterfaceOrientations_iPad = "UIInterfaceOrientationPortrait UIInterfaceOrientationPortraitUpsideDown UIInterfaceOrientationLandscapeLeft UIInterfaceOrientationLandscapeRight";
				INFOPLIST_KEY_UISupportedInterfaceOrientations_iPhone = "UIInterfaceOrientationPortrait UIInterfaceOrientationLandscapeLeft UIInterfaceOrientationLandscapeRight";
				LD_RUNPATH_SEARCH_PATHS = (
					"$(inherited)",
					"@executable_path/Frameworks",
				);
				MARKETING_VERSION = 1.0;
				PRODUCT_BUNDLE_IDENTIFIER = com.thanh.truong.Reminder;
				PRODUCT_NAME = "$(TARGET_NAME)";
				SWIFT_EMIT_LOC_STRINGS = YES;
				SWIFT_VERSION = 5.0;
				TARGETED_DEVICE_FAMILY = "1,2";
			};
			name = Release;
		};
		53BFD71F2709A866008CA657 /* Debug */ = {
			isa = XCBuildConfiguration;
			buildSettings = {
				ALWAYS_EMBED_SWIFT_STANDARD_LIBRARIES = YES;
				BUNDLE_LOADER = "$(TEST_HOST)";
				CODE_SIGN_STYLE = Automatic;
				CURRENT_PROJECT_VERSION = 1;
				GENERATE_INFOPLIST_FILE = YES;
				IPHONEOS_DEPLOYMENT_TARGET = 15.0;
				LD_RUNPATH_SEARCH_PATHS = (
					"$(inherited)",
					"@executable_path/Frameworks",
					"@loader_path/Frameworks",
				);
				MARKETING_VERSION = 1.0;
				PRODUCT_BUNDLE_IDENTIFIER = com.thanh.truong.ReminderTests;
				PRODUCT_NAME = "$(TARGET_NAME)";
				SWIFT_EMIT_LOC_STRINGS = NO;
				SWIFT_VERSION = 5.0;
				TARGETED_DEVICE_FAMILY = "1,2";
				TEST_HOST = "$(BUILT_PRODUCTS_DIR)/Reminder.app/Reminder";
			};
			name = Debug;
		};
		53BFD7202709A866008CA657 /* Release */ = {
			isa = XCBuildConfiguration;
			buildSettings = {
				ALWAYS_EMBED_SWIFT_STANDARD_LIBRARIES = YES;
				BUNDLE_LOADER = "$(TEST_HOST)";
				CODE_SIGN_STYLE = Automatic;
				CURRENT_PROJECT_VERSION = 1;
				GENERATE_INFOPLIST_FILE = YES;
				IPHONEOS_DEPLOYMENT_TARGET = 15.0;
				LD_RUNPATH_SEARCH_PATHS = (
					"$(inherited)",
					"@executable_path/Frameworks",
					"@loader_path/Frameworks",
				);
				MARKETING_VERSION = 1.0;
				PRODUCT_BUNDLE_IDENTIFIER = com.thanh.truong.ReminderTests;
				PRODUCT_NAME = "$(TARGET_NAME)";
				SWIFT_EMIT_LOC_STRINGS = NO;
				SWIFT_VERSION = 5.0;
				TARGETED_DEVICE_FAMILY = "1,2";
				TEST_HOST = "$(BUILT_PRODUCTS_DIR)/Reminder.app/Reminder";
			};
			name = Release;
		};
		53BFD7222709A866008CA657 /* Debug */ = {
			isa = XCBuildConfiguration;
			buildSettings = {
				ALWAYS_EMBED_SWIFT_STANDARD_LIBRARIES = YES;
				CODE_SIGN_STYLE = Automatic;
				CURRENT_PROJECT_VERSION = 1;
				GENERATE_INFOPLIST_FILE = YES;
				LD_RUNPATH_SEARCH_PATHS = (
					"$(inherited)",
					"@executable_path/Frameworks",
					"@loader_path/Frameworks",
				);
				MARKETING_VERSION = 1.0;
				PRODUCT_BUNDLE_IDENTIFIER = com.thanh.truong.ReminderUITests;
				PRODUCT_NAME = "$(TARGET_NAME)";
				SWIFT_EMIT_LOC_STRINGS = NO;
				SWIFT_VERSION = 5.0;
				TARGETED_DEVICE_FAMILY = "1,2";
				TEST_TARGET_NAME = Reminder;
			};
			name = Debug;
		};
		53BFD7232709A866008CA657 /* Release */ = {
			isa = XCBuildConfiguration;
			buildSettings = {
				ALWAYS_EMBED_SWIFT_STANDARD_LIBRARIES = YES;
				CODE_SIGN_STYLE = Automatic;
				CURRENT_PROJECT_VERSION = 1;
				GENERATE_INFOPLIST_FILE = YES;
				LD_RUNPATH_SEARCH_PATHS = (
					"$(inherited)",
					"@executable_path/Frameworks",
					"@loader_path/Frameworks",
				);
				MARKETING_VERSION = 1.0;
				PRODUCT_BUNDLE_IDENTIFIER = com.thanh.truong.ReminderUITests;
				PRODUCT_NAME = "$(TARGET_NAME)";
				SWIFT_EMIT_LOC_STRINGS = NO;
				SWIFT_VERSION = 5.0;
				TARGETED_DEVICE_FAMILY = "1,2";
				TEST_TARGET_NAME = Reminder;
			};
			name = Release;
		};
/* End XCBuildConfiguration section */

/* Begin XCConfigurationList section */
		53BFD6EC2709A862008CA657 /* Build configuration list for PBXProject "Reminder" */ = {
			isa = XCConfigurationList;
			buildConfigurations = (
				53BFD7192709A866008CA657 /* Debug */,
				53BFD71A2709A866008CA657 /* Release */,
			);
			defaultConfigurationIsVisible = 0;
			defaultConfigurationName = Release;
		};
		53BFD71B2709A866008CA657 /* Build configuration list for PBXNativeTarget "Reminder" */ = {
			isa = XCConfigurationList;
			buildConfigurations = (
				53BFD71C2709A866008CA657 /* Debug */,
				53BFD71D2709A866008CA657 /* Release */,
			);
			defaultConfigurationIsVisible = 0;
			defaultConfigurationName = Release;
		};
		53BFD71E2709A866008CA657 /* Build configuration list for PBXNativeTarget "ReminderTests" */ = {
			isa = XCConfigurationList;
			buildConfigurations = (
				53BFD71F2709A866008CA657 /* Debug */,
				53BFD7202709A866008CA657 /* Release */,
			);
			defaultConfigurationIsVisible = 0;
			defaultConfigurationName = Release;
		};
		53BFD7212709A866008CA657 /* Build configuration list for PBXNativeTarget "ReminderUITests" */ = {
			isa = XCConfigurationList;
			buildConfigurations = (
				53BFD7222709A866008CA657 /* Debug */,
				53BFD7232709A866008CA657 /* Release */,
			);
			defaultConfigurationIsVisible = 0;
			defaultConfigurationName = Release;
		};
/* End XCConfigurationList section */
	};
	rootObject = 53BFD6E92709A862008CA657 /* Project object */;
}
